# Generated by move; do not edit
# This file should be checked in.

[move]
version = 4

[pinned.testnet.AptosFramework]
source = { git = "https://github.com/aptos-labs/aptos-core.git", subdir = "aptos-move/framework/aptos-framework", rev = "e0f33de9783f2ceaa30e5f2b004d3b39812c4f06" }
use_environment = "testnet"
manifest_digest = "C924A1DD72F654232DD8FEBC0AE13E18A1F36490C87823757CA499A11BA46ADB"
deps = { AptosStdlib = "AptosStdlib", MoveStdlib = "MoveStdlib" }

[pinned.testnet.AptosStdlib]
source = { git = "https://github.com/aptos-labs/aptos-core.git", subdir = "aptos-move/framework/aptos-stdlib", rev = "e0f33de9783f2ceaa30e5f2b004d3b39812c4f06" }
use_environment = "testnet"
manifest_digest = "7AFB66695545775FBFBB2D3078ADFD084244D5002392E837FDE21D9EA1C6D01C"
deps = { MoveStdlib = "MoveStdlib" }

[pinned.testnet.MoveStdlib]
source = { git = "https://github.com/aptos-labs/aptos-core.git", subdir = "aptos-move/framework/move-stdlib", rev = "e0f33de9783f2ceaa30e5f2b004d3b39812c4f06" }
use_environment = "testnet"
manifest_digest = "C4FE4C91DE74CBF223B2E380AE40F592177D21870DC2D7EB6227D2D694E05363"
deps = {}

[pinned.testnet.OmniBridge]
source = { root = true }
use_environment = "testnet"
manifest_digest = "95DAA01B08CB25159BCE8EF4173692BF16AA0E2D4F4DFD8F6A08E5E206E6DE9B"
deps = { AptosFramework = "AptosFramework", AptosStdlib = "AptosStdlib", MoveStdlib = "MoveStdlib" }
