lockfileVersion: '9.0'

settings:
  autoInstallPeers: true
  excludeLinksFromLockfile: false

importers:

  .:
    dependencies:
      bs58:
        specifier: ^6.0.0
        version: 6.0.0
      chalk:
        specifier: ^5.4.1
        version: 5.4.1
      dotenv:
        specifier: ^16.4.7
        version: 16.4.7
      ethers:
        specifier: ^6.13.5
        version: 6.13.5
      near-api-js:
        specifier: ^5.1.0
        version: 5.1.0
    devDependencies:
      '@biomejs/biome':
        specifier: ^1.9.4
        version: 1.9.4
      tsx:
        specifier: ^4.19.3
        version: 4.19.3
      typescript:
        specifier: ^5.8.2
        version: 5.8.2

packages:

  '@adraffy/ens-normalize@1.10.1':
    resolution: {integrity: sha512-96Z2IP3mYmF1Xg2cDm8f1gWGf/HUVedQ3FMifV4kG/PQ4yEP51xDtRAEfhVNt5f/uzpNkZHwWQuUcu6D6K+Ekw==}

  '@biomejs/biome@1.9.4':
    resolution: {integrity: sha512-1rkd7G70+o9KkTn5KLmDYXihGoTaIGO9PIIN2ZB7UJxFrWw04CZHPYiMRjYsaDvVV7hP1dYNRLxSANLaBFGpog==}
    engines: {node: '>=14.21.3'}
    hasBin: true

  '@biomejs/cli-darwin-arm64@1.9.4':
    resolution: {integrity: sha512-bFBsPWrNvkdKrNCYeAp+xo2HecOGPAy9WyNyB/jKnnedgzl4W4Hb9ZMzYNbf8dMCGmUdSavlYHiR01QaYR58cw==}
    engines: {node: '>=14.21.3'}
    cpu: [arm64]
    os: [darwin]

  '@biomejs/cli-darwin-x64@1.9.4':
    resolution: {integrity: sha512-ngYBh/+bEedqkSevPVhLP4QfVPCpb+4BBe2p7Xs32dBgs7rh9nY2AIYUL6BgLw1JVXV8GlpKmb/hNiuIxfPfZg==}
    engines: {node: '>=14.21.3'}
    cpu: [x64]
    os: [darwin]

  '@biomejs/cli-linux-arm64-musl@1.9.4':
    resolution: {integrity: sha512-v665Ct9WCRjGa8+kTr0CzApU0+XXtRgwmzIf1SeKSGAv+2scAlW6JR5PMFo6FzqqZ64Po79cKODKf3/AAmECqA==}
    engines: {node: '>=14.21.3'}
    cpu: [arm64]
    os: [linux]

  '@biomejs/cli-linux-arm64@1.9.4':
    resolution: {integrity: sha512-fJIW0+LYujdjUgJJuwesP4EjIBl/N/TcOX3IvIHJQNsAqvV2CHIogsmA94BPG6jZATS4Hi+xv4SkBBQSt1N4/g==}
    engines: {node: '>=14.21.3'}
    cpu: [arm64]
    os: [linux]

  '@biomejs/cli-linux-x64-musl@1.9.4':
    resolution: {integrity: sha512-gEhi/jSBhZ2m6wjV530Yy8+fNqG8PAinM3oV7CyO+6c3CEh16Eizm21uHVsyVBEB6RIM8JHIl6AGYCv6Q6Q9Tg==}
    engines: {node: '>=14.21.3'}
    cpu: [x64]
    os: [linux]

  '@biomejs/cli-linux-x64@1.9.4':
    resolution: {integrity: sha512-lRCJv/Vi3Vlwmbd6K+oQ0KhLHMAysN8lXoCI7XeHlxaajk06u7G+UsFSO01NAs5iYuWKmVZjmiOzJ0OJmGsMwg==}
    engines: {node: '>=14.21.3'}
    cpu: [x64]
    os: [linux]

  '@biomejs/cli-win32-arm64@1.9.4':
    resolution: {integrity: sha512-tlbhLk+WXZmgwoIKwHIHEBZUwxml7bRJgk0X2sPyNR3S93cdRq6XulAZRQJ17FYGGzWne0fgrXBKpl7l4M87Hg==}
    engines: {node: '>=14.21.3'}
    cpu: [arm64]
    os: [win32]

  '@biomejs/cli-win32-x64@1.9.4':
    resolution: {integrity: sha512-8Y5wMhVIPaWe6jw2H+KlEm4wP/f7EW3810ZLmDlrEEy5KvBsb9ECEfu/kMWD484ijfQ8+nIi0giMgu9g1UAuuA==}
    engines: {node: '>=14.21.3'}
    cpu: [x64]
    os: [win32]

  '@esbuild/aix-ppc64@0.25.1':
    resolution: {integrity: sha512-kfYGy8IdzTGy+z0vFGvExZtxkFlA4zAxgKEahG9KE1ScBjpQnFsNOX8KTU5ojNru5ed5CVoJYXFtoxaq5nFbjQ==}
    engines: {node: '>=18'}
    cpu: [ppc64]
    os: [aix]

  '@esbuild/android-arm64@0.25.1':
    resolution: {integrity: sha512-50tM0zCJW5kGqgG7fQ7IHvQOcAn9TKiVRuQ/lN0xR+T2lzEFvAi1ZcS8DiksFcEpf1t/GYOeOfCAgDHFpkiSmA==}
    engines: {node: '>=18'}
    cpu: [arm64]
    os: [android]

  '@esbuild/android-arm@0.25.1':
    resolution: {integrity: sha512-dp+MshLYux6j/JjdqVLnMglQlFu+MuVeNrmT5nk6q07wNhCdSnB7QZj+7G8VMUGh1q+vj2Bq8kRsuyA00I/k+Q==}
    engines: {node: '>=18'}
    cpu: [arm]
    os: [android]

  '@esbuild/android-x64@0.25.1':
    resolution: {integrity: sha512-GCj6WfUtNldqUzYkN/ITtlhwQqGWu9S45vUXs7EIYf+7rCiiqH9bCloatO9VhxsL0Pji+PF4Lz2XXCES+Q8hDw==}
    engines: {node: '>=18'}
    cpu: [x64]
    os: [android]

  '@esbuild/darwin-arm64@0.25.1':
    resolution: {integrity: sha512-5hEZKPf+nQjYoSr/elb62U19/l1mZDdqidGfmFutVUjjUZrOazAtwK+Kr+3y0C/oeJfLlxo9fXb1w7L+P7E4FQ==}
    engines: {node: '>=18'}
    cpu: [arm64]
    os: [darwin]

  '@esbuild/darwin-x64@0.25.1':
    resolution: {integrity: sha512-hxVnwL2Dqs3fM1IWq8Iezh0cX7ZGdVhbTfnOy5uURtao5OIVCEyj9xIzemDi7sRvKsuSdtCAhMKarxqtlyVyfA==}
    engines: {node: '>=18'}
    cpu: [x64]
    os: [darwin]

  '@esbuild/freebsd-arm64@0.25.1':
    resolution: {integrity: sha512-1MrCZs0fZa2g8E+FUo2ipw6jw5qqQiH+tERoS5fAfKnRx6NXH31tXBKI3VpmLijLH6yriMZsxJtaXUyFt/8Y4A==}
    engines: {node: '>=18'}
    cpu: [arm64]
    os: [freebsd]

  '@esbuild/freebsd-x64@0.25.1':
    resolution: {integrity: sha512-0IZWLiTyz7nm0xuIs0q1Y3QWJC52R8aSXxe40VUxm6BB1RNmkODtW6LHvWRrGiICulcX7ZvyH6h5fqdLu4gkww==}
    engines: {node: '>=18'}
    cpu: [x64]
    os: [freebsd]

  '@esbuild/linux-arm64@0.25.1':
    resolution: {integrity: sha512-jaN3dHi0/DDPelk0nLcXRm1q7DNJpjXy7yWaWvbfkPvI+7XNSc/lDOnCLN7gzsyzgu6qSAmgSvP9oXAhP973uQ==}
    engines: {node: '>=18'}
    cpu: [arm64]
    os: [linux]

  '@esbuild/linux-arm@0.25.1':
    resolution: {integrity: sha512-NdKOhS4u7JhDKw9G3cY6sWqFcnLITn6SqivVArbzIaf3cemShqfLGHYMx8Xlm/lBit3/5d7kXvriTUGa5YViuQ==}
    engines: {node: '>=18'}
    cpu: [arm]
    os: [linux]

  '@esbuild/linux-ia32@0.25.1':
    resolution: {integrity: sha512-OJykPaF4v8JidKNGz8c/q1lBO44sQNUQtq1KktJXdBLn1hPod5rE/Hko5ugKKZd+D2+o1a9MFGUEIUwO2YfgkQ==}
    engines: {node: '>=18'}
    cpu: [ia32]
    os: [linux]

  '@esbuild/linux-loong64@0.25.1':
    resolution: {integrity: sha512-nGfornQj4dzcq5Vp835oM/o21UMlXzn79KobKlcs3Wz9smwiifknLy4xDCLUU0BWp7b/houtdrgUz7nOGnfIYg==}
    engines: {node: '>=18'}
    cpu: [loong64]
    os: [linux]

  '@esbuild/linux-mips64el@0.25.1':
    resolution: {integrity: sha512-1osBbPEFYwIE5IVB/0g2X6i1qInZa1aIoj1TdL4AaAb55xIIgbg8Doq6a5BzYWgr+tEcDzYH67XVnTmUzL+nXg==}
    engines: {node: '>=18'}
    cpu: [mips64el]
    os: [linux]

  '@esbuild/linux-ppc64@0.25.1':
    resolution: {integrity: sha512-/6VBJOwUf3TdTvJZ82qF3tbLuWsscd7/1w+D9LH0W/SqUgM5/JJD0lrJ1fVIfZsqB6RFmLCe0Xz3fmZc3WtyVg==}
    engines: {node: '>=18'}
    cpu: [ppc64]
    os: [linux]

  '@esbuild/linux-riscv64@0.25.1':
    resolution: {integrity: sha512-nSut/Mx5gnilhcq2yIMLMe3Wl4FK5wx/o0QuuCLMtmJn+WeWYoEGDN1ipcN72g1WHsnIbxGXd4i/MF0gTcuAjQ==}
    engines: {node: '>=18'}
    cpu: [riscv64]
    os: [linux]

  '@esbuild/linux-s390x@0.25.1':
    resolution: {integrity: sha512-cEECeLlJNfT8kZHqLarDBQso9a27o2Zd2AQ8USAEoGtejOrCYHNtKP8XQhMDJMtthdF4GBmjR2au3x1udADQQQ==}
    engines: {node: '>=18'}
    cpu: [s390x]
    os: [linux]

  '@esbuild/linux-x64@0.25.1':
    resolution: {integrity: sha512-xbfUhu/gnvSEg+EGovRc+kjBAkrvtk38RlerAzQxvMzlB4fXpCFCeUAYzJvrnhFtdeyVCDANSjJvOvGYoeKzFA==}
    engines: {node: '>=18'}
    cpu: [x64]
    os: [linux]

  '@esbuild/netbsd-arm64@0.25.1':
    resolution: {integrity: sha512-O96poM2XGhLtpTh+s4+nP7YCCAfb4tJNRVZHfIE7dgmax+yMP2WgMd2OecBuaATHKTHsLWHQeuaxMRnCsH8+5g==}
    engines: {node: '>=18'}
    cpu: [arm64]
    os: [netbsd]

  '@esbuild/netbsd-x64@0.25.1':
    resolution: {integrity: sha512-X53z6uXip6KFXBQ+Krbx25XHV/NCbzryM6ehOAeAil7X7oa4XIq+394PWGnwaSQ2WRA0KI6PUO6hTO5zeF5ijA==}
    engines: {node: '>=18'}
    cpu: [x64]
    os: [netbsd]

  '@esbuild/openbsd-arm64@0.25.1':
    resolution: {integrity: sha512-Na9T3szbXezdzM/Kfs3GcRQNjHzM6GzFBeU1/6IV/npKP5ORtp9zbQjvkDJ47s6BCgaAZnnnu/cY1x342+MvZg==}
    engines: {node: '>=18'}
    cpu: [arm64]
    os: [openbsd]

  '@esbuild/openbsd-x64@0.25.1':
    resolution: {integrity: sha512-T3H78X2h1tszfRSf+txbt5aOp/e7TAz3ptVKu9Oyir3IAOFPGV6O9c2naym5TOriy1l0nNf6a4X5UXRZSGX/dw==}
    engines: {node: '>=18'}
    cpu: [x64]
    os: [openbsd]

  '@esbuild/sunos-x64@0.25.1':
    resolution: {integrity: sha512-2H3RUvcmULO7dIE5EWJH8eubZAI4xw54H1ilJnRNZdeo8dTADEZ21w6J22XBkXqGJbe0+wnNJtw3UXRoLJnFEg==}
    engines: {node: '>=18'}
    cpu: [x64]
    os: [sunos]

  '@esbuild/win32-arm64@0.25.1':
    resolution: {integrity: sha512-GE7XvrdOzrb+yVKB9KsRMq+7a2U/K5Cf/8grVFRAGJmfADr/e/ODQ134RK2/eeHqYV5eQRFxb1hY7Nr15fv1NQ==}
    engines: {node: '>=18'}
    cpu: [arm64]
    os: [win32]

  '@esbuild/win32-ia32@0.25.1':
    resolution: {integrity: sha512-uOxSJCIcavSiT6UnBhBzE8wy3n0hOkJsBOzy7HDAuTDE++1DJMRRVCPGisULScHL+a/ZwdXPpXD3IyFKjA7K8A==}
    engines: {node: '>=18'}
    cpu: [ia32]
    os: [win32]

  '@esbuild/win32-x64@0.25.1':
    resolution: {integrity: sha512-Y1EQdcfwMSeQN/ujR5VayLOJ1BHaK+ssyk0AEzPjC+t1lITgsnccPqFjb6V+LsTp/9Iov4ysfjxLaGJ9RPtkVg==}
    engines: {node: '>=18'}
    cpu: [x64]
    os: [win32]

  '@near-js/accounts@1.4.0':
    resolution: {integrity: sha512-H8ocFuFMSeopYN87w8eZpHDvhPSavfa/O8QEJl6Dfq3yyZp3vGYhFgVKQW09qP9CKZjID8Q2GrwSe+rmN+OQTw==}

  '@near-js/crypto@1.4.2':
    resolution: {integrity: sha512-GRfchsyfWvSAPA1gI9hYhw5FH94Ac1BUo+Cmp5rSJt/V0K3xVzCWgOQxvv4R3kDnWjaXJEuAmpEEnr4Bp3FWrA==}

  '@near-js/keystores-browser@0.2.2':
    resolution: {integrity: sha512-Pxqm7WGtUu6zj32vGCy9JcEDpZDSB5CCaLQDTQdF3GQyL0flyRv2I/guLAgU5FLoYxU7dJAX9mslJhPW7P2Bfw==}

  '@near-js/keystores-node@0.1.2':
    resolution: {integrity: sha512-MWLvTszZOVziiasqIT/LYNhUyWqOJjDGlsthOsY6dTL4ZcXjjmhmzrbFydIIeQr+CcEl5wukTo68ORI9JrHl6g==}

  '@near-js/keystores@0.2.2':
    resolution: {integrity: sha512-DLhi/3a4qJUY+wgphw2Jl4S+L0AKsUYm1mtU0WxKYV5OBwjOXvbGrXNfdkheYkfh3nHwrQgtjvtszX6LrRXLLw==}

  '@near-js/providers@1.0.2':
    resolution: {integrity: sha512-+zjB9AvjU62JoF/vyyzyCiqQsFuSIcDxqzKqmCsgM3kv3yppQyo0Pdq36HWBTe3NJIcOOHMYjEngjbf9aexRRQ==}

  '@near-js/signers@0.2.2':
    resolution: {integrity: sha512-M6ib+af9zXAPRCjH2RyIS0+RhCmd9gxzCeIkQ+I2A3zjgGiEDkBZbYso9aKj8Zh2lPKKSH7h+u8JGymMOSwgyw==}

  '@near-js/transactions@1.3.2':
    resolution: {integrity: sha512-9M0KT9zzCT6nsFmaH/ognmx0/PyWC47khZWA52U27mZDVfar3nb/5B+bdyrwi/4LmA6uFdi/Goj2Trqg6Okelg==}

  '@near-js/types@0.3.1':
    resolution: {integrity: sha512-8qIA7ynAEAuVFNAQc0cqz2xRbfyJH3PaAG5J2MgPPhD18lu/tCGd6pzYg45hjhtiJJRFDRjh/FUWKS+ZiIIxUw==}

  '@near-js/utils@1.1.0':
    resolution: {integrity: sha512-5XWRq7xpu8Wud9pRXe2U347KXyi0mXofedUY2DQ9TaqiZUcMIaN9xj7DbCs2v6dws3pJyYrT1KWxeNp5fSaY3w==}

  '@near-js/wallet-account@1.3.2':
    resolution: {integrity: sha512-c3hC+I+BUM9G8LIb3tsIzb5vUJeSN8oXSH/BCsqMXSkudVQ3Mn8GbsrZLvu1K9Kg7JKjHNJLJkdRVmnNG//NFQ==}

  '@noble/curves@1.2.0':
    resolution: {integrity: sha512-oYclrNgRaM9SsBUBVbb8M6DTV7ZHRTKugureoYEncY5c65HOmRzvSiTE3y5CYaPYJA/GVkrhXEoF0M3Ya9PMnw==}

  '@noble/curves@1.8.1':
    resolution: {integrity: sha512-warwspo+UYUPep0Q+vtdVB4Ugn8GGQj8iyB3gnRWsztmUHTI3S1nhdiWNsPUGL0vud7JlRRk1XEu7Lq1KGTnMQ==}
    engines: {node: ^14.21.3 || >=16}

  '@noble/hashes@1.3.2':
    resolution: {integrity: sha512-MVC8EAQp7MvEcm30KWENFjgR+Mkmf+D189XJTkFIlwohU5hcBbn1ZkKq7KVTi2Hme3PMGF390DaL52beVrIihQ==}
    engines: {node: '>= 16'}

  '@noble/hashes@1.3.3':
    resolution: {integrity: sha512-V7/fPHgl+jsVPXqqeOzT8egNj2iBIVt+ECeMMG8TdcnTikP3oaBtUVqpT/gYCR68aEBJSF+XbYUxStjbFMqIIA==}
    engines: {node: '>= 16'}

  '@noble/hashes@1.7.1':
    resolution: {integrity: sha512-B8XBPsn4vT/KJAGqDzbwztd+6Yte3P4V7iafm24bxgDe/mlRuK6xmWPuCNrKt2vDafZ8MfJLlchDG/vYafQEjQ==}
    engines: {node: ^14.21.3 || >=16}

  '@scure/base@1.2.4':
    resolution: {integrity: sha512-5Yy9czTO47mqz+/J8GM6GIId4umdCk1wc1q8rKERQulIoc8VP9pzDcghv10Tl2E7R96ZUx/PhND3ESYUQX8NuQ==}

  '@types/json-schema@7.0.15':
    resolution: {integrity: sha512-5+fP8P8MFNC+AyZCDxrB2pkZFPGzqQWUzpSeuuVLvm8VMcorNYavBqoFcxK8bQz4Qsbn4oUEEem4wDLfcysGHA==}

  '@types/node@22.7.5':
    resolution: {integrity: sha512-jML7s2NAzMWc//QSJ1a3prpk78cOPchGvXJsC3C6R6PSMoooztvRVQEz89gmBTBY1SPMaqo5teB4uNHPdetShQ==}

  aes-js@4.0.0-beta.5:
    resolution: {integrity: sha512-G965FqalsNyrPqgEGON7nIx1e/OVENSgiEIzyC63haUMuvNnwIgIjMs52hlTCKhkBny7A2ORNlfY9Zu+jmGk1Q==}

  base-x@5.0.1:
    resolution: {integrity: sha512-M7uio8Zt++eg3jPj+rHMfCC+IuygQHHCOU+IYsVtik6FWjuYpVt/+MRKcgsAMHh8mMFAwnB+Bs+mTrFiXjMzKg==}

  bn.js@4.12.1:
    resolution: {integrity: sha512-k8TVBiPkPJT9uHLdOKfFpqcfprwBFOAAXXozRubr7R7PfIuKvQlzcI4M0pALeqXN09vdaMbUdUj+pass+uULAg==}

  borsh@1.0.0:
    resolution: {integrity: sha512-fSVWzzemnyfF89EPwlUNsrS5swF5CrtiN4e+h0/lLf4dz2he4L3ndM20PS9wj7ICSkXJe/TQUHdaPTq15b1mNQ==}

  brorand@1.1.0:
    resolution: {integrity: sha512-cKV8tMCEpQs4hK/ik71d6LrPOnpkpGBR0wzxqr68g2m/LB2GxVYQroAjMJZRVM1Y4BCjCKc3vAamxSzOY2RP+w==}

  bs58@6.0.0:
    resolution: {integrity: sha512-PD0wEnEYg6ijszw/u8s+iI3H17cTymlrwkKhDhPZq+Sokl3AU4htyBFTjAeNAlCCmg0f53g6ih3jATyCKftTfw==}

  chalk@5.4.1:
    resolution: {integrity: sha512-zgVZuo2WcZgfUEmsn6eO3kINexW8RAE4maiQ8QNs8CtpPCSyMiYsULR3HQYkm3w8FIA3SberyMJMSldGsW+U3w==}
    engines: {node: ^12.17.0 || ^14.13 || >=16.0.0}

  depd@1.1.2:
    resolution: {integrity: sha512-7emPTl6Dpo6JRXOXjLRxck+FlLRX5847cLKEn00PLAgc3g2hTZZgr+e4c2v6QpSmLeFP3n5yUo7ft6avBK/5jQ==}
    engines: {node: '>= 0.6'}

  depd@2.0.0:
    resolution: {integrity: sha512-g7nH6P6dyDioJogAAGprGpCtVImJhpPk/roCzdb3fIh61/s/nPsfR6onyMwkCAR/OlC3yBC0lESvUoQEAssIrw==}
    engines: {node: '>= 0.8'}

  dotenv@16.4.7:
    resolution: {integrity: sha512-47qPchRCykZC03FhkYAhrvwU4xDBFIj1QPqaarj6mdM/hgUzfPHcpkHJOn3mJAufFeeAxAzeGsr5X0M4k6fLZQ==}
    engines: {node: '>=12'}

  elliptic@6.6.1:
    resolution: {integrity: sha512-RaddvvMatK2LJHqFJ+YA4WysVN5Ita9E35botqIYspQ4TkRAlCicdzKOjlyv/1Za5RyTNn7di//eEV0uTAfe3g==}

  esbuild@0.25.1:
    resolution: {integrity: sha512-BGO5LtrGC7vxnqucAe/rmvKdJllfGaYWdyABvyMoXQlfYMb2bbRuReWR5tEGE//4LcNJj9XrkovTqNYRFZHAMQ==}
    engines: {node: '>=18'}
    hasBin: true

  ethers@6.13.5:
    resolution: {integrity: sha512-+knKNieu5EKRThQJWwqaJ10a6HE9sSehGeqWN65//wE7j47ZpFhKAnHB/JJFibwwg61I/koxaPsXbXpD/skNOQ==}
    engines: {node: '>=14.0.0'}

  exponential-backoff@3.1.2:
    resolution: {integrity: sha512-8QxYTVXUkuy7fIIoitQkPwGonB8F3Zj8eEO8Sqg9Zv/bkI7RJAzowee4gr81Hak/dUTpA2Z7VfQgoijjPNlUZA==}

  fsevents@2.3.3:
    resolution: {integrity: sha512-5xoDfX+fL7faATnagmWPpbFtwh/R77WmMMqqHGS65C3vvB0YHrgF+B1YmZ3441tMj5n63k0212XNoJwzlhffQw==}
    engines: {node: ^8.16.0 || ^10.6.0 || >=11.0.0}
    os: [darwin]

  generate-function@2.3.1:
    resolution: {integrity: sha512-eeB5GfMNeevm/GRYq20ShmsaGcmI81kIX2K9XQx5miC8KdHaC6Jm0qQ8ZNeGOi7wYB8OsdxKs+Y2oVuTFuVwKQ==}

  generate-object-property@1.2.0:
    resolution: {integrity: sha512-TuOwZWgJ2VAMEGJvAyPWvpqxSANF0LDpmyHauMjFYzaACvn+QTT/AZomvPCzVBV7yDN3OmwHQ5OvHaeLKre3JQ==}

  get-tsconfig@4.10.0:
    resolution: {integrity: sha512-kGzZ3LWWQcGIAmg6iWvXn0ei6WDtV26wzHRMwDSzmAbcXrTEXxHy6IehI6/4eT6VRKyMP1eF1VqwrVUmE/LR7A==}

  hash.js@1.1.7:
    resolution: {integrity: sha512-taOaskGt4z4SOANNseOviYDvjEJinIkRgmp7LbKP2YTTmVxWBl87s/uzK9r+44BclBSp2X7K1hqeNfz9JbBeXA==}

  hmac-drbg@1.0.1:
    resolution: {integrity: sha512-Tti3gMqLdZfhOQY1Mzf/AanLiqh1WTiJgEj26ZuYQ9fbkLomzGchCws4FyrSd4VkpBfiNhaE1On+lOz894jvXg==}

  http-errors@1.7.2:
    resolution: {integrity: sha512-uUQBt3H/cSIVfch6i1EuPNy/YsRSOUBXTVfZ+yR7Zjez3qjBz6i9+i4zjNaoqcoFVI4lQJ5plg63TvGfRSDCRg==}
    engines: {node: '>= 0.6'}

  inherits@2.0.3:
    resolution: {integrity: sha512-x00IRNXNy63jwGkJmzPigoySHbaqpNuzKbBOmzK+g2OdZpQ9w+sxCN+VSB3ja7IAge2OP2qpfxTjeNcyjmW1uw==}

  inherits@2.0.4:
    resolution: {integrity: sha512-k/vGaX4/Yla3WzyMCvTQOXYeIHvqOKtnqBduzTHpzpQZzAskKMhZ2K+EnBiSM9zGSoIFeMpXKxa4dYeZIQqewQ==}

  is-my-ip-valid@1.0.1:
    resolution: {integrity: sha512-jxc8cBcOWbNK2i2aTkCZP6i7wkHF1bqKFrwEHuN5Jtg5BSaZHUZQ/JTOJwoV41YvHnOaRyWWh72T/KvfNz9DJg==}

  is-my-json-valid@2.20.6:
    resolution: {integrity: sha512-1JQwulVNjx8UqkPE/bqDaxtH4PXCe/2VRh/y3p99heOV87HG4Id5/VfDswd+YiAfHcRTfDlWgISycnHuhZq1aw==}

  is-property@1.0.2:
    resolution: {integrity: sha512-Ks/IoX00TtClbGQr4TWXemAnktAQvYB7HzcCxDGqEZU6oCmb2INHuOoKxbtR+HFkmYWBKv/dOZtGRiAjDhj92g==}

  jsonpointer@5.0.1:
    resolution: {integrity: sha512-p/nXbhSEcu3pZRdkW1OfJhpsVtW1gd4Wa1fnQc9YLiTfAjn0312eMKimbdIQzuZl9aa9xUGaRlP9T/CJE/ditQ==}
    engines: {node: '>=0.10.0'}

  lru_map@0.4.1:
    resolution: {integrity: sha512-I+lBvqMMFfqaV8CJCISjI3wbjmwVu/VyOoU7+qtu9d7ioW5klMgsTTiUOUp+DJvfTTzKXoPbyC6YfgkNcyPSOg==}

  minimalistic-assert@1.0.1:
    resolution: {integrity: sha512-UtJcAD4yEaGtjPezWuO9wC4nwUnVH/8/Im3yEHQP4b67cXlD/Qr9hdITCU1xDbSEXg2XKNaP8jsReV7vQd00/A==}

  minimalistic-crypto-utils@1.0.1:
    resolution: {integrity: sha512-JIYlbt6g8i5jKfJ3xz7rF0LXmv2TkDxBLUkiBeZ7bAx4GnnNMr8xFpGnOxn6GhTEHx3SjRrZEoU+j04prX1ktg==}

  mustache@4.0.0:
    resolution: {integrity: sha512-FJgjyX/IVkbXBXYUwH+OYwQKqWpFPLaLVESd70yHjSDunwzV2hZOoTBvPf4KLoxesUzzyfTH6F784Uqd7Wm5yA==}
    engines: {npm: '>=1.4.0'}
    hasBin: true

  near-abi@0.2.0:
    resolution: {integrity: sha512-kCwSf/3fraPU2zENK18sh+kKG4uKbEUEQdyWQkmW8ZofmLarObIz2+zAYjA1teDZLeMvEQew3UysnPDXgjneaA==}

  near-api-js@5.1.0:
    resolution: {integrity: sha512-9oOyyWTxff0yQOQuc+hiRnl0zXGcJjW4ABX4excWCrHRpPMadRr/O2BIdAp+cdiPVjpi6st4yzknNnK8CQPKFg==}

  node-addon-api@5.1.0:
    resolution: {integrity: sha512-eh0GgfEkpnoWDq+VY8OyvYhFEzBk6jIYbRKdIlyTiAXIVJ8PyBaKb0rp7oDtoddbdoHWhq8wwr+XZ81F1rpNdA==}

  node-fetch@2.6.7:
    resolution: {integrity: sha512-ZjMPFEfVx5j+y2yF35Kzx5sF7kDzxuDj6ziH4FFbOp87zKDZNx8yExJIb05OGF4Nlt9IHFIMBkRl41VdvcNdbQ==}
    engines: {node: 4.x || >=6.0.0}
    peerDependencies:
      encoding: ^0.1.0
    peerDependenciesMeta:
      encoding:
        optional: true

  node-gyp-build@4.8.4:
    resolution: {integrity: sha512-LA4ZjwlnUblHVgq0oBF3Jl/6h/Nvs5fzBLwdEF4nuxnFdsfajde4WfxtJr3CaiH+F6ewcIB/q4jQ4UzPyid+CQ==}
    hasBin: true

  randombytes@2.1.0:
    resolution: {integrity: sha512-vYl3iOX+4CKUWuxGi9Ukhie6fsqXqS9FE2Zaic4tNFD2N2QQaXOMFbuKK4QmDHC0JO6B1Zp41J0LpT0oR68amQ==}

  resolve-pkg-maps@1.0.0:
    resolution: {integrity: sha512-seS2Tj26TBVOC2NIc2rOe2y2ZO7efxITtLZcGSOnHHNOQ7CkiUBfw0Iw2ck6xkIhPwLhKNLS8BO+hEpngQlqzw==}

  safe-buffer@5.2.1:
    resolution: {integrity: sha512-rp3So07KcdmmKbGvgaNxQSJr7bGVSVk5S9Eq1F+ppbRo70+YeaDxkw5Dd8NPN+GD6bjnYm2VuPuCXmpuYvmCXQ==}

  secp256k1@5.0.1:
    resolution: {integrity: sha512-lDFs9AAIaWP9UCdtWrotXWWF9t8PWgQDcxqgAnpM9rMqxb3Oaq2J0thzPVSxBwdJgyQtkU/sYtFtbM1RSt/iYA==}
    engines: {node: '>=18.0.0'}

  setprototypeof@1.1.1:
    resolution: {integrity: sha512-JvdAWfbXeIGaZ9cILp38HntZSFSo3mWg6xGcJJsd+d4aRMOqauag1C63dJfDw7OaMYwEbHMOxEZ1lqVRYP2OAw==}

  statuses@1.5.0:
    resolution: {integrity: sha512-OpZ3zP+jT1PI7I8nemJX4AKmAX070ZkYPVWV/AaKTJl+tXCTGyVdC1a4SL8RUQYEwk/f34ZX8UTykN68FwrqAA==}
    engines: {node: '>= 0.6'}

  toidentifier@1.0.0:
    resolution: {integrity: sha512-yaOH/Pk/VEhBWWTlhI+qXxDFXlejDGcQipMlyxda9nthulaxLZUNcUqFxokp0vcYnvteJln5FNQDRrxj3YcbVw==}
    engines: {node: '>=0.6'}

  tr46@0.0.3:
    resolution: {integrity: sha512-N3WMsuqV66lT30CrXNbEjx4GEwlow3v6rr4mCcv6prnfwhS01rkgyFdjPNBYd9br7LpXV1+Emh01fHnq2Gdgrw==}

  tslib@2.7.0:
    resolution: {integrity: sha512-gLXCKdN1/j47AiHiOkJN69hJmcbGTHI0ImLmbYLHykhgeN0jVGola9yVjFgzCUklsZQMW55o+dW7IXv3RCXDzA==}

  tsx@4.19.3:
    resolution: {integrity: sha512-4H8vUNGNjQ4V2EOoGw005+c+dGuPSnhpPBPHBtsZdGZBk/iJb4kguGlPWaZTZ3q5nMtFOEsY0nRDlh9PJyd6SQ==}
    engines: {node: '>=18.0.0'}
    hasBin: true

  typescript@5.8.2:
    resolution: {integrity: sha512-aJn6wq13/afZp/jT9QZmwEjDqqvSGp1VT5GVg+f/t6/oVyrgXM6BY1h9BRh/O5p3PlUPAe+WuiEZOmb/49RqoQ==}
    engines: {node: '>=14.17'}
    hasBin: true

  undici-types@6.19.8:
    resolution: {integrity: sha512-ve2KP6f/JnbPBFyobGHuerC9g1FYGn/F8n1LWTwNxCEzd6IfqTwUQcNXgEtmmQ6DlRrC1hrSrBnCZPokRrDHjw==}

  webidl-conversions@3.0.1:
    resolution: {integrity: sha512-2JAn3z8AR6rjK8Sm8orRC0h/bcl/DqL7tRPdGZ4I1CjdF+EaMLmYxBHyXuKL849eucPFhvBoxMsflfOb8kxaeQ==}

  whatwg-url@5.0.0:
    resolution: {integrity: sha512-saE57nupxk6v3HY35+jzBwYa0rKSy0XR8JSxZPwgLr7ys0IBzhGviA1/TUGJLmSVqs8pb9AnvICXEuOHLprYTw==}

  ws@8.17.1:
    resolution: {integrity: sha512-6XQFvXTkbfUOZOKKILFG1PDK2NDQs4azKQl26T0YS5CxqWLgXajbPZ+h4gZekJyRqFU8pvnbAbbs/3TgRPy+GQ==}
    engines: {node: '>=10.0.0'}
    peerDependencies:
      bufferutil: ^4.0.1
      utf-8-validate: '>=5.0.2'
    peerDependenciesMeta:
      bufferutil:
        optional: true
      utf-8-validate:
        optional: true

  xtend@4.0.2:
    resolution: {integrity: sha512-LKYU1iAXJXUgAXn9URjiu+MWhyUXHsvfp7mcuYm9dSUKK0/CjtrUwFAxD82/mCWbtLsGjFIad0wIsod4zrTAEQ==}
    engines: {node: '>=0.4'}

snapshots:

  '@adraffy/ens-normalize@1.10.1': {}

  '@biomejs/biome@1.9.4':
    optionalDependencies:
      '@biomejs/cli-darwin-arm64': 1.9.4
      '@biomejs/cli-darwin-x64': 1.9.4
      '@biomejs/cli-linux-arm64': 1.9.4
      '@biomejs/cli-linux-arm64-musl': 1.9.4
      '@biomejs/cli-linux-x64': 1.9.4
      '@biomejs/cli-linux-x64-musl': 1.9.4
      '@biomejs/cli-win32-arm64': 1.9.4
      '@biomejs/cli-win32-x64': 1.9.4

  '@biomejs/cli-darwin-arm64@1.9.4':
    optional: true

  '@biomejs/cli-darwin-x64@1.9.4':
    optional: true

  '@biomejs/cli-linux-arm64-musl@1.9.4':
    optional: true

  '@biomejs/cli-linux-arm64@1.9.4':
    optional: true

  '@biomejs/cli-linux-x64-musl@1.9.4':
    optional: true

  '@biomejs/cli-linux-x64@1.9.4':
    optional: true

  '@biomejs/cli-win32-arm64@1.9.4':
    optional: true

  '@biomejs/cli-win32-x64@1.9.4':
    optional: true

  '@esbuild/aix-ppc64@0.25.1':
    optional: true

  '@esbuild/android-arm64@0.25.1':
    optional: true

  '@esbuild/android-arm@0.25.1':
    optional: true

  '@esbuild/android-x64@0.25.1':
    optional: true

  '@esbuild/darwin-arm64@0.25.1':
    optional: true

  '@esbuild/darwin-x64@0.25.1':
    optional: true

  '@esbuild/freebsd-arm64@0.25.1':
    optional: true

  '@esbuild/freebsd-x64@0.25.1':
    optional: true

  '@esbuild/linux-arm64@0.25.1':
    optional: true

  '@esbuild/linux-arm@0.25.1':
    optional: true

  '@esbuild/linux-ia32@0.25.1':
    optional: true

  '@esbuild/linux-loong64@0.25.1':
    optional: true

  '@esbuild/linux-mips64el@0.25.1':
    optional: true

  '@esbuild/linux-ppc64@0.25.1':
    optional: true

  '@esbuild/linux-riscv64@0.25.1':
    optional: true

  '@esbuild/linux-s390x@0.25.1':
    optional: true

  '@esbuild/linux-x64@0.25.1':
    optional: true

  '@esbuild/netbsd-arm64@0.25.1':
    optional: true

  '@esbuild/netbsd-x64@0.25.1':
    optional: true

  '@esbuild/openbsd-arm64@0.25.1':
    optional: true

  '@esbuild/openbsd-x64@0.25.1':
    optional: true

  '@esbuild/sunos-x64@0.25.1':
    optional: true

  '@esbuild/win32-arm64@0.25.1':
    optional: true

  '@esbuild/win32-ia32@0.25.1':
    optional: true

  '@esbuild/win32-x64@0.25.1':
    optional: true

  '@near-js/accounts@1.4.0':
    dependencies:
      '@near-js/crypto': 1.4.2
      '@near-js/providers': 1.0.2
      '@near-js/signers': 0.2.2
      '@near-js/transactions': 1.3.2
      '@near-js/types': 0.3.1
      '@near-js/utils': 1.1.0
      '@noble/hashes': 1.3.3
      borsh: 1.0.0
      depd: 2.0.0
      is-my-json-valid: 2.20.6
      lru_map: 0.4.1
      near-abi: 0.2.0
    transitivePeerDependencies:
      - encoding

  '@near-js/crypto@1.4.2':
    dependencies:
      '@near-js/types': 0.3.1
      '@near-js/utils': 1.1.0
      '@noble/curves': 1.8.1
      borsh: 1.0.0
      randombytes: 2.1.0
      secp256k1: 5.0.1

  '@near-js/keystores-browser@0.2.2':
    dependencies:
      '@near-js/crypto': 1.4.2
      '@near-js/keystores': 0.2.2

  '@near-js/keystores-node@0.1.2':
    dependencies:
      '@near-js/crypto': 1.4.2
      '@near-js/keystores': 0.2.2

  '@near-js/keystores@0.2.2':
    dependencies:
      '@near-js/crypto': 1.4.2
      '@near-js/types': 0.3.1

  '@near-js/providers@1.0.2':
    dependencies:
      '@near-js/transactions': 1.3.2
      '@near-js/types': 0.3.1
      '@near-js/utils': 1.1.0
      borsh: 1.0.0
      exponential-backoff: 3.1.2
    optionalDependencies:
      node-fetch: 2.6.7
    transitivePeerDependencies:
      - encoding

  '@near-js/signers@0.2.2':
    dependencies:
      '@near-js/crypto': 1.4.2
      '@near-js/keystores': 0.2.2
      '@noble/hashes': 1.3.3

  '@near-js/transactions@1.3.2':
    dependencies:
      '@near-js/crypto': 1.4.2
      '@near-js/signers': 0.2.2
      '@near-js/types': 0.3.1
      '@near-js/utils': 1.1.0
      '@noble/hashes': 1.3.3
      borsh: 1.0.0

  '@near-js/types@0.3.1': {}

  '@near-js/utils@1.1.0':
    dependencies:
      '@near-js/types': 0.3.1
      '@scure/base': 1.2.4
      depd: 2.0.0
      mustache: 4.0.0

  '@near-js/wallet-account@1.3.2':
    dependencies:
      '@near-js/accounts': 1.4.0
      '@near-js/crypto': 1.4.2
      '@near-js/keystores': 0.2.2
      '@near-js/providers': 1.0.2
      '@near-js/signers': 0.2.2
      '@near-js/transactions': 1.3.2
      '@near-js/types': 0.3.1
      '@near-js/utils': 1.1.0
      borsh: 1.0.0
    transitivePeerDependencies:
      - encoding

  '@noble/curves@1.2.0':
    dependencies:
      '@noble/hashes': 1.3.2

  '@noble/curves@1.8.1':
    dependencies:
      '@noble/hashes': 1.7.1

  '@noble/hashes@1.3.2': {}

  '@noble/hashes@1.3.3': {}

  '@noble/hashes@1.7.1': {}

  '@scure/base@1.2.4': {}

  '@types/json-schema@7.0.15': {}

  '@types/node@22.7.5':
    dependencies:
      undici-types: 6.19.8

  aes-js@4.0.0-beta.5: {}

  base-x@5.0.1: {}

  bn.js@4.12.1: {}

  borsh@1.0.0: {}

  brorand@1.1.0: {}

  bs58@6.0.0:
    dependencies:
      base-x: 5.0.1

  chalk@5.4.1: {}

  depd@1.1.2: {}

  depd@2.0.0: {}

  dotenv@16.4.7: {}

  elliptic@6.6.1:
    dependencies:
      bn.js: 4.12.1
      brorand: 1.1.0
      hash.js: 1.1.7
      hmac-drbg: 1.0.1
      inherits: 2.0.4
      minimalistic-assert: 1.0.1
      minimalistic-crypto-utils: 1.0.1

  esbuild@0.25.1:
    optionalDependencies:
      '@esbuild/aix-ppc64': 0.25.1
      '@esbuild/android-arm': 0.25.1
      '@esbuild/android-arm64': 0.25.1
      '@esbuild/android-x64': 0.25.1
      '@esbuild/darwin-arm64': 0.25.1
      '@esbuild/darwin-x64': 0.25.1
      '@esbuild/freebsd-arm64': 0.25.1
      '@esbuild/freebsd-x64': 0.25.1
      '@esbuild/linux-arm': 0.25.1
      '@esbuild/linux-arm64': 0.25.1
      '@esbuild/linux-ia32': 0.25.1
      '@esbuild/linux-loong64': 0.25.1
      '@esbuild/linux-mips64el': 0.25.1
      '@esbuild/linux-ppc64': 0.25.1
      '@esbuild/linux-riscv64': 0.25.1
      '@esbuild/linux-s390x': 0.25.1
      '@esbuild/linux-x64': 0.25.1
      '@esbuild/netbsd-arm64': 0.25.1
      '@esbuild/netbsd-x64': 0.25.1
      '@esbuild/openbsd-arm64': 0.25.1
      '@esbuild/openbsd-x64': 0.25.1
      '@esbuild/sunos-x64': 0.25.1
      '@esbuild/win32-arm64': 0.25.1
      '@esbuild/win32-ia32': 0.25.1
      '@esbuild/win32-x64': 0.25.1

  ethers@6.13.5:
    dependencies:
      '@adraffy/ens-normalize': 1.10.1
      '@noble/curves': 1.2.0
      '@noble/hashes': 1.3.2
      '@types/node': 22.7.5
      aes-js: 4.0.0-beta.5
      tslib: 2.7.0
      ws: 8.17.1
    transitivePeerDependencies:
      - bufferutil
      - utf-8-validate

  exponential-backoff@3.1.2: {}

  fsevents@2.3.3:
    optional: true

  generate-function@2.3.1:
    dependencies:
      is-property: 1.0.2

  generate-object-property@1.2.0:
    dependencies:
      is-property: 1.0.2

  get-tsconfig@4.10.0:
    dependencies:
      resolve-pkg-maps: 1.0.0

  hash.js@1.1.7:
    dependencies:
      inherits: 2.0.4
      minimalistic-assert: 1.0.1

  hmac-drbg@1.0.1:
    dependencies:
      hash.js: 1.1.7
      minimalistic-assert: 1.0.1
      minimalistic-crypto-utils: 1.0.1

  http-errors@1.7.2:
    dependencies:
      depd: 1.1.2
      inherits: 2.0.3
      setprototypeof: 1.1.1
      statuses: 1.5.0
      toidentifier: 1.0.0

  inherits@2.0.3: {}

  inherits@2.0.4: {}

  is-my-ip-valid@1.0.1: {}

  is-my-json-valid@2.20.6:
    dependencies:
      generate-function: 2.3.1
      generate-object-property: 1.2.0
      is-my-ip-valid: 1.0.1
      jsonpointer: 5.0.1
      xtend: 4.0.2

  is-property@1.0.2: {}

  jsonpointer@5.0.1: {}

  lru_map@0.4.1: {}

  minimalistic-assert@1.0.1: {}

  minimalistic-crypto-utils@1.0.1: {}

  mustache@4.0.0: {}

  near-abi@0.2.0:
    dependencies:
      '@types/json-schema': 7.0.15

  near-api-js@5.1.0:
    dependencies:
      '@near-js/accounts': 1.4.0
      '@near-js/crypto': 1.4.2
      '@near-js/keystores': 0.2.2
      '@near-js/keystores-browser': 0.2.2
      '@near-js/keystores-node': 0.1.2
      '@near-js/providers': 1.0.2
      '@near-js/signers': 0.2.2
      '@near-js/transactions': 1.3.2
      '@near-js/types': 0.3.1
      '@near-js/utils': 1.1.0
      '@near-js/wallet-account': 1.3.2
      '@noble/curves': 1.8.1
      borsh: 1.0.0
      depd: 2.0.0
      http-errors: 1.7.2
      near-abi: 0.2.0
      node-fetch: 2.6.7
    transitivePeerDependencies:
      - encoding

  node-addon-api@5.1.0: {}

  node-fetch@2.6.7:
    dependencies:
      whatwg-url: 5.0.0

  node-gyp-build@4.8.4: {}

  randombytes@2.1.0:
    dependencies:
      safe-buffer: 5.2.1

  resolve-pkg-maps@1.0.0: {}

  safe-buffer@5.2.1: {}

  secp256k1@5.0.1:
    dependencies:
      elliptic: 6.6.1
      node-addon-api: 5.1.0
      node-gyp-build: 4.8.4

  setprototypeof@1.1.1: {}

  statuses@1.5.0: {}

  toidentifier@1.0.0: {}

  tr46@0.0.3: {}

  tslib@2.7.0: {}

  tsx@4.19.3:
    dependencies:
      esbuild: 0.25.1
      get-tsconfig: 4.10.0
    optionalDependencies:
      fsevents: 2.3.3

  typescript@5.8.2: {}

  undici-types@6.19.8: {}

  webidl-conversions@3.0.1: {}

  whatwg-url@5.0.0:
    dependencies:
      tr46: 0.0.3
      webidl-conversions: 3.0.1

  ws@8.17.1: {}

  xtend@4.0.2: {}
